
Microsoft Visual Studio Solution File, Format Version 12.00
# Visual Studio Version 17
VisualStudioVersion = 17.14.37111.16 d17.14
MinimumVisualStudioVersion = 10.0.40219.1
Project("{FAE04EC0-301F-11D3-BF4B-00C04F79EFBC}") = "SnippingScreen", "SnippingScreen\SnippingScreen.csproj", "{DC154239-C6C4-418F-B64F-66CD33C789E2}"
EndProject
Global
	GlobalSection(SolutionConfigurationPlatforms) = preSolution
		Debug|Any CPU = Debug|Any CPU
		Release|Any CPU = Release|Any CPU
	EndGlobalSection
	GlobalSection(ProjectConfigurationPlatforms) = postSolution
		{DC154239-C6C4-418F-B64F-66CD33C789E2}.Debug|Any CPU.ActiveCfg = Debug|Any CPU
		{DC154239-C6C4-418F-B64F-66CD33C789E2}.Debug|Any CPU.Build.0 = Debug|Any CPU
		{DC154239-C6C4-418F-B64F-66CD33C789E2}.Release|Any CPU.ActiveCfg = Release|Any CPU
		{DC154239-C6C4-418F-B64F-66CD33C789E2}.Release|Any CPU.Build.0 = Release|Any CPU
	EndGlobalSection
	GlobalSection(SolutionProperties) = preSolution
		HideSolutionNode = FALSE
	EndGlobalSection
	GlobalSection(ExtensibilityGlobals) = postSolution
		SolutionGuid = {20A64434-4771-41E7-9CA3-5264A914E140}
	EndGlobalSection
EndGlobal
